
Microsoft Visual Studio Solution File, Format Version 12.00
# Visual Studio Version 17
VisualStudioVersion = 17.13.35825.156 d17.13
MinimumVisualStudioVersion = 10.0.40219.1
Project("{FAE04EC0-301F-11D3-BF4B-00C04F79EFBC}") = "WpfTest", "WpfTest.csproj", "{0BF30E03-7673-4145-98F6-B7C4295B6DEA}"
EndProject
Global
	GlobalSection(SolutionConfigurationPlatforms) = preSolution
		Debug|Any CPU = Debug|Any CPU
		Release|Any CPU = Release|Any CPU
	EndGlobalSection
	GlobalSection(ProjectConfigurationPlatforms) = postSolution
		{0BF30E03-7673-4145-98F6-B7C4295B6DEA}.Debug|Any CPU.ActiveCfg = Debug|Any CPU
		{0BF30E03-7673-4145-98F6-B7C4295B6DEA}.Debug|Any CPU.Build.0 = Debug|Any CPU
		{0BF30E03-7673-4145-98F6-B7C4295B6DEA}.Release|Any CPU.ActiveCfg = Release|Any CPU
		{0BF30E03-7673-4145-98F6-B7C4295B6DEA}.Release|Any CPU.Build.0 = Release|Any CPU
	EndGlobalSection
	GlobalSection(SolutionProperties) = preSolution
		HideSolutionNode = FALSE
	EndGlobalSection
	GlobalSection(ExtensibilityGlobals) = postSolution
		SolutionGuid = {38A5AD55-EC8A-451F-BF5A-95B062AD4F83}
	EndGlobalSection
EndGlobal
