
Microsoft Visual Studio Solution File, Format Version 12.00
# Visual Studio Version 17
VisualStudioVersion = 17.13.35825.156 d17.13
MinimumVisualStudioVersion = 10.0.40219.1
Project("{FAE04EC0-301F-11D3-BF4B-00C04F79EFBC}") = "WpfCustomControls", "WpfCustomControls.csproj", "{0111CC52-667C-44A8-8BAF-92199EDDC491}"
EndProject
Global
	GlobalSection(SolutionConfigurationPlatforms) = preSolution
		Debug|Any CPU = Debug|Any CPU
		Release|Any CPU = Release|Any CPU
	EndGlobalSection
	GlobalSection(ProjectConfigurationPlatforms) = postSolution
		{0111CC52-667C-44A8-8BAF-92199EDDC491}.Debug|Any CPU.ActiveCfg = Debug|Any CPU
		{0111CC52-667C-44A8-8BAF-92199EDDC491}.Debug|Any CPU.Build.0 = Debug|Any CPU
		{0111CC52-667C-44A8-8BAF-92199EDDC491}.Release|Any CPU.ActiveCfg = Release|Any CPU
		{0111CC52-667C-44A8-8BAF-92199EDDC491}.Release|Any CPU.Build.0 = Release|Any CPU
	EndGlobalSection
	GlobalSection(SolutionProperties) = preSolution
		HideSolutionNode = FALSE
	EndGlobalSection
	GlobalSection(ExtensibilityGlobals) = postSolution
		SolutionGuid = {0B2F4225-D5DD-45ED-B702-335AD8CA7C9A}
	EndGlobalSection
EndGlobal
