
Microsoft Visual Studio Solution File, Format Version 12.00
# Visual Studio Version 16
VisualStudioVersion = 16.0.29920.165
MinimumVisualStudioVersion = 10.0.40219.1
Project("{FAE04EC0-301F-11D3-BF4B-00C04F79EFBC}") = "WinFormsControls1", "WinFormsControls1\WinFormsControls1.csproj", "{7D8DD178-B4F4-486B-ABE7-AEAEB76DC326}"
EndProject
Global
	GlobalSection(SolutionConfigurationPlatforms) = preSolution
		Debug|Any CPU = Debug|Any CPU
		Release|Any CPU = Release|Any CPU
	EndGlobalSection
	GlobalSection(ProjectConfigurationPlatforms) = postSolution
		{7D8DD178-B4F4-486B-ABE7-AEAEB76DC326}.Debug|Any CPU.ActiveCfg = Debug|Any CPU
		{7D8DD178-B4F4-486B-ABE7-AEAEB76DC326}.Debug|Any CPU.Build.0 = Debug|Any CPU
		{7D8DD178-B4F4-486B-ABE7-AEAEB76DC326}.Release|Any CPU.ActiveCfg = Release|Any CPU
		{7D8DD178-B4F4-486B-ABE7-AEAEB76DC326}.Release|Any CPU.Build.0 = Release|Any CPU
	EndGlobalSection
	GlobalSection(SolutionProperties) = preSolution
		HideSolutionNode = FALSE
	EndGlobalSection
	GlobalSection(ExtensibilityGlobals) = postSolution
		SolutionGuid = {5AB57F3E-75B5-40B1-90C6-75F06C198F44}
	EndGlobalSection
EndGlobal
